
Microsoft Visual Studio Solution File, Format Version 12.00
# Visual Studio 14
VisualStudioVersion = 14.0.25420.1
MinimumVisualStudioVersion = 10.0.40219.1
Project("{FAE04EC0-301F-11D3-BF4B-00C04F79EFBC}") = "TestSerializer", "TestSerializer\TestSerializer.csproj", "{A7FE20A9-C42B-4817-9221-5FF852F4BBFC}"
EndProject
Global
	GlobalSection(SolutionConfigurationPlatforms) = preSolution
		Debug|Any CPU = Debug|Any CPU
		Release|Any CPU = Release|Any CPU
	EndGlobalSection
	GlobalSection(ProjectConfigurationPlatforms) = postSolution
		{A7FE20A9-C42B-4817-9221-5FF852F4BBFC}.Debug|Any CPU.ActiveCfg = Debug|Any CPU
		{A7FE20A9-C42B-4817-9221-5FF852F4BBFC}.Debug|Any CPU.Build.0 = Debug|Any CPU
		{A7FE20A9-C42B-4817-9221-5FF852F4BBFC}.Release|Any CPU.ActiveCfg = Release|Any CPU
		{A7FE20A9-C42B-4817-9221-5FF852F4BBFC}.Release|Any CPU.Build.0 = Release|Any CPU
	EndGlobalSection
	GlobalSection(SolutionProperties) = preSolution
		HideSolutionNode = FALSE
	EndGlobalSection
EndGlobal
